Microsoft Visual Studio Solution File, Format Version 12.00
# Visual Studio 2012
Project("{FAE04EC0-301F-11D3-BF4B-00C04F79EFBC}") = "KinderGames", "KinderGames.csproj", "{CE4E3945-AF5B-4E8E-BD9C-B7B9FBA4A9F7}"
EndProject
Global
	GlobalSection(SolutionConfigurationPlatforms) = preSolution
	Debug|Any CPU = Debug|Any CPU
	ExportDebug|Any CPU = ExportDebug|Any CPU
	ExportRelease|Any CPU = ExportRelease|Any CPU
	EndGlobalSection
	GlobalSection(ProjectConfigurationPlatforms) = postSolution
		{CE4E3945-AF5B-4E8E-BD9C-B7B9FBA4A9F7}.Debug|Any CPU.ActiveCfg = Debug|Any CPU
		{CE4E3945-AF5B-4E8E-BD9C-B7B9FBA4A9F7}.Debug|Any CPU.Build.0 = Debug|Any CPU
		{CE4E3945-AF5B-4E8E-BD9C-B7B9FBA4A9F7}.ExportDebug|Any CPU.ActiveCfg = ExportDebug|Any CPU
		{CE4E3945-AF5B-4E8E-BD9C-B7B9FBA4A9F7}.ExportDebug|Any CPU.Build.0 = ExportDebug|Any CPU
		{CE4E3945-AF5B-4E8E-BD9C-B7B9FBA4A9F7}.ExportRelease|Any CPU.ActiveCfg = ExportRelease|Any CPU
		{CE4E3945-AF5B-4E8E-BD9C-B7B9FBA4A9F7}.ExportRelease|Any CPU.Build.0 = ExportRelease|Any CPU
	EndGlobalSection
EndGlobal
